schema: '2.0'
stages:
  process_raw_data:
    cmd: python src/Features/feature_engineering.py
    deps:
    - path: data_source/raw/manufacturing.csv
      hash: md5
      md5: 9acb012f67990af51d715885e43957bc
      size: 1769561
    - path: src/Features/feature_engineering.py
      hash: md5
      md5: db992f9ed483cb78129926f772968cdf
      size: 5737
    outs:
    - path: data_source/Processed/processed_manufacturing.csv
      hash: md5
      md5: 42e165cdaf665009f49b4c79bab821e9
      size: 2598158
